
Microsoft Visual Studio Solution File, Format Version 12.00
# Visual Studio 15
VisualStudioVersion = 15.0.27703.2047
MinimumVisualStudioVersion = 10.0.40219.1
Project("{FAE04EC0-301F-11D3-BF4B-00C04F79EFBC}") = "Torneo_Clases", "Torneo\Torneo_Clases.csproj", "{ACA93527-9171-4785-BCFD-A5A4197A03E0}"
EndProject
Project("{FAE04EC0-301F-11D3-BF4B-00C04F79EFBC}") = "Torneo_Winforms", "WindowsFormsApp\Torneo_Winforms.csproj", "{77DC2D4A-A6E2-4FEC-900E-7B9589871F0D}"
EndProject
Project("{FAE04EC0-301F-11D3-BF4B-00C04F79EFBC}") = "Torneo_WebApi", "Torneo_WebApi\Torneo_WebApi.csproj", "{2B77937E-DCB5-4235-B924-FBC846A39491}"
EndProject
Global
	GlobalSection(SolutionConfigurationPlatforms) = preSolution
		Debug|Any CPU = Debug|Any CPU
		Release|Any CPU = Release|Any CPU
	EndGlobalSection
	GlobalSection(ProjectConfigurationPlatforms) = postSolution
		{ACA93527-9171-4785-BCFD-A5A4197A03E0}.Debug|Any CPU.ActiveCfg = Debug|Any CPU
		{ACA93527-9171-4785-BCFD-A5A4197A03E0}.Debug|Any CPU.Build.0 = Debug|Any CPU
		{ACA93527-9171-4785-BCFD-A5A4197A03E0}.Release|Any CPU.ActiveCfg = Release|Any CPU
		{ACA93527-9171-4785-BCFD-A5A4197A03E0}.Release|Any CPU.Build.0 = Release|Any CPU
		{77DC2D4A-A6E2-4FEC-900E-7B9589871F0D}.Debug|Any CPU.ActiveCfg = Debug|Any CPU
		{77DC2D4A-A6E2-4FEC-900E-7B9589871F0D}.Debug|Any CPU.Build.0 = Debug|Any CPU
		{77DC2D4A-A6E2-4FEC-900E-7B9589871F0D}.Release|Any CPU.ActiveCfg = Release|Any CPU
		{77DC2D4A-A6E2-4FEC-900E-7B9589871F0D}.Release|Any CPU.Build.0 = Release|Any CPU
		{2B77937E-DCB5-4235-B924-FBC846A39491}.Debug|Any CPU.ActiveCfg = Debug|Any CPU
		{2B77937E-DCB5-4235-B924-FBC846A39491}.Debug|Any CPU.Build.0 = Debug|Any CPU
		{2B77937E-DCB5-4235-B924-FBC846A39491}.Release|Any CPU.ActiveCfg = Release|Any CPU
		{2B77937E-DCB5-4235-B924-FBC846A39491}.Release|Any CPU.Build.0 = Release|Any CPU
	EndGlobalSection
	GlobalSection(SolutionProperties) = preSolution
		HideSolutionNode = FALSE
	EndGlobalSection
	GlobalSection(ExtensibilityGlobals) = postSolution
		SolutionGuid = {EE0F8A0A-870A-4D93-9CB5-E25A35550B70}
	EndGlobalSection
EndGlobal
